
Microsoft Visual Studio Solution File, Format Version 12.00
# Visual Studio Version 17
VisualStudioVersion = 17.14.36121.58 d17.14
MinimumVisualStudioVersion = 10.0.40219.1
Project("{FAE04EC0-301F-11D3-BF4B-00C04F79EFBC}") = "ApiProject.WebAPI", "ApiProject.WebAPI\ApiProject.WebAPI.csproj", "{F3E0FB44-D0BF-4596-A4E4-5A4AC4BB50C3}"
EndProject
Global
	GlobalSection(SolutionConfigurationPlatforms) = preSolution
		Debug|Any CPU = Debug|Any CPU
		Release|Any CPU = Release|Any CPU
	EndGlobalSection
	GlobalSection(ProjectConfigurationPlatforms) = postSolution
		{F3E0FB44-D0BF-4596-A4E4-5A4AC4BB50C3}.Debug|Any CPU.ActiveCfg = Debug|Any CPU
		{F3E0FB44-D0BF-4596-A4E4-5A4AC4BB50C3}.Debug|Any CPU.Build.0 = Debug|Any CPU
		{F3E0FB44-D0BF-4596-A4E4-5A4AC4BB50C3}.Release|Any CPU.ActiveCfg = Release|Any CPU
		{F3E0FB44-D0BF-4596-A4E4-5A4AC4BB50C3}.Release|Any CPU.Build.0 = Release|Any CPU
	EndGlobalSection
	GlobalSection(SolutionProperties) = preSolution
		HideSolutionNode = FALSE
	EndGlobalSection
	GlobalSection(ExtensibilityGlobals) = postSolution
		SolutionGuid = {072B9F6D-CE37-4B08-88CD-F78C98C8C9B6}
	EndGlobalSection
EndGlobal
